
Microsoft Visual Studio Solution File, Format Version 12.00
# Visual Studio 15
VisualStudioVersion = 15.0.28010.2036
MinimumVisualStudioVersion = 10.0.40219.1
Project("{FAE04EC0-301F-11D3-BF4B-00C04F79EFBC}") = "SBS", "SBS\SBS.csproj", "{7E036415-8DFC-43F1-8F75-51CE3755DE1D}"
EndProject
Global
	GlobalSection(SolutionConfigurationPlatforms) = preSolution
		Debug|Any CPU = Debug|Any CPU
		Release|Any CPU = Release|Any CPU
	EndGlobalSection
	GlobalSection(ProjectConfigurationPlatforms) = postSolution
		{7E036415-8DFC-43F1-8F75-51CE3755DE1D}.Debug|Any CPU.ActiveCfg = Debug|Any CPU
		{7E036415-8DFC-43F1-8F75-51CE3755DE1D}.Debug|Any CPU.Build.0 = Debug|Any CPU
		{7E036415-8DFC-43F1-8F75-51CE3755DE1D}.Release|Any CPU.ActiveCfg = Release|Any CPU
		{7E036415-8DFC-43F1-8F75-51CE3755DE1D}.Release|Any CPU.Build.0 = Release|Any CPU
	EndGlobalSection
	GlobalSection(SolutionProperties) = preSolution
		HideSolutionNode = FALSE
	EndGlobalSection
	GlobalSection(ExtensibilityGlobals) = postSolution
		SolutionGuid = {7210631D-B09F-4A1F-9902-8EBD09E7C786}
	EndGlobalSection
EndGlobal
